{
    "_readme": [
        "This file locks the dependencies of your project to a known state",
        "Read more about it at https://getcomposer.org/doc/01-basic-usage.md#installing-dependencies",
        "This file is @generated automatically"
    ],
    "content-hash": "a77206099dc7b28536c80ddc1a2ac2cf",
    "packages": [
        {
            "name": "fastbill/parallel-process-dispatcher",
            "version": "1.2.1",
            "source": {
                "type": "git",
                "url": "https://github.com/fastbill/parallel-process-dispatcher.git",
                "reference": "9f4d0b91695e7a5940732d639eaea0c2f984be9c"
            },
            "dist": {
                "type": "zip",
                "url": "https://api.github.com/repos/fastbill/parallel-process-dispatcher/zipball/9f4d0b91695e7a5940732d639eaea0c2f984be9c",
                "reference": "9f4d0b91695e7a5940732d639eaea0c2f984be9c",
                "shasum": ""
            },
            "require": {
                "php": ">=5.4,<8.0-DEV"
            },
            "require-dev": {
                "jakub-onderka/php-parallel-lint": "*",
                "pdepend/pdepend": "*",
                "phploc/phploc": "*",
                "phpmd/phpmd": "*",
                "phpunit/phpunit": "*",
                "sebastian/phpcpd": "*",
                "squizlabs/php_codesniffer": "*",
                "theseer/phpdox": "*"
            },
            "type": "library",
            "autoload": {
                "psr-4": {
                    "FastBill\\ParallelProcessDispatcher\\": "src/FastBill/ParallelProcessDispatcher"
                }
            },
            "notification-url": "https://packagist.org/downloads/",
            "authors": [
                {
                    "name": "Holger Segnitz",
                    "email": "hsegnitz@fastbill.com"
                }
            ],
            "description": "module for running cli-processes in parallel",
            "time": "2017-12-05T19:26:08+00:00"
        }
    ],
    "packages-dev": [],
    "aliases": [],
    "minimum-stability": "stable",
    "stability-flags": [],
    "prefer-stable": false,
    "prefer-lowest": false,
    "platform": [],
    "platform-dev": []
}
