{
    "_readme": [
        "This file locks the dependencies of your project to a known state",
        "Read more about it at https://getcomposer.org/doc/01-basic-usage.md#installing-dependencies",
        "This file is @generated automatically"
    ],
    "content-hash": "6bf728912c6ad7d526835e476d5c3a0b",
    "packages": [
        {
            "name": "soarce/parallel-process-dispatcher",
            "version": "1.2.2",
            "source": {
                "type": "git",
                "url": "https://github.com/soarce-qa/parallel-process-dispatcher.git",
                "reference": "3385819b19d20e11a667f6a1f96c7897fe38fd0b"
            },
            "dist": {
                "type": "zip",
                "url": "https://api.github.com/repos/soarce-qa/parallel-process-dispatcher/zipball/3385819b19d20e11a667f6a1f96c7897fe38fd0b",
                "reference": "3385819b19d20e11a667f6a1f96c7897fe38fd0b",
                "shasum": ""
            },
            "require": {
                "php": ">=5.3"
            },
            "replace": {
                "fastbill/parallel-process-dispatcher": "*"
            },
            "require-dev": {
                "jakub-onderka/php-parallel-lint": "*",
                "pdepend/pdepend": "^2.5",
                "phploc/phploc": "^2.1",
                "phpmd/phpmd": "*",
                "phpunit/phpunit": "^4.8",
                "sebastian/phpcpd": "^2.0",
                "squizlabs/php_codesniffer": "*",
                "theseer/phpdox": "0.8.1.1"
            },
            "type": "library",
            "autoload": {
                "psr-4": {
                    "Soarce\\ParallelProcessDispatcher\\": "src/"
                }
            },
            "notification-url": "https://packagist.org/downloads/",
            "license": [
                "MIT"
            ],
            "authors": [
                {
                    "name": "Holger Segnitz",
                    "email": "holger@segnitz.net"
                }
            ],
            "description": "Tiny PHP library for running jobs in background and/or in parallel",
            "support": {
                "source": "https://github.com/soarce-qa/parallel-process-dispatcher/tree/1.2.2"
            },
            "time": "2020-02-29T16:06:59+00:00"
        }
    ],
    "packages-dev": [],
    "aliases": [],
    "minimum-stability": "stable",
    "stability-flags": [],
    "prefer-stable": false,
    "prefer-lowest": false,
    "platform": [],
    "platform-dev": [],
    "plugin-api-version": "2.3.0"
}
